
Microsoft Visual Studio Solution File, Format Version 12.00
# Visual Studio Version 17
VisualStudioVersion = 17.0.32014.148
MinimumVisualStudioVersion = 10.0.40219.1
Project("{FAE04EC0-301F-11D3-BF4B-00C04F79EFBC}") = "Exercice25", "Exercice25\Exercice25.csproj", "{73C915DA-C210-45DE-909C-131821E6D03C}"
EndProject
Project("{FAE04EC0-301F-11D3-BF4B-00C04F79EFBC}") = "Exercice25Tests", "Exercice25Tests\Exercice25Tests.csproj", "{C410A03D-1DBB-4356-9368-1BC1EC4D8317}"
EndProject
Global
	GlobalSection(SolutionConfigurationPlatforms) = preSolution
		Debug|Any CPU = Debug|Any CPU
		Release|Any CPU = Release|Any CPU
	EndGlobalSection
	GlobalSection(ProjectConfigurationPlatforms) = postSolution
		{73C915DA-C210-45DE-909C-131821E6D03C}.Debug|Any CPU.ActiveCfg = Debug|Any CPU
		{73C915DA-C210-45DE-909C-131821E6D03C}.Debug|Any CPU.Build.0 = Debug|Any CPU
		{73C915DA-C210-45DE-909C-131821E6D03C}.Release|Any CPU.ActiveCfg = Release|Any CPU
		{73C915DA-C210-45DE-909C-131821E6D03C}.Release|Any CPU.Build.0 = Release|Any CPU
		{C410A03D-1DBB-4356-9368-1BC1EC4D8317}.Debug|Any CPU.ActiveCfg = Debug|Any CPU
		{C410A03D-1DBB-4356-9368-1BC1EC4D8317}.Debug|Any CPU.Build.0 = Debug|Any CPU
		{C410A03D-1DBB-4356-9368-1BC1EC4D8317}.Release|Any CPU.ActiveCfg = Release|Any CPU
		{C410A03D-1DBB-4356-9368-1BC1EC4D8317}.Release|Any CPU.Build.0 = Release|Any CPU
	EndGlobalSection
	GlobalSection(SolutionProperties) = preSolution
		HideSolutionNode = FALSE
	EndGlobalSection
	GlobalSection(ExtensibilityGlobals) = postSolution
		SolutionGuid = {4EC78389-053D-41C4-8545-BBCACC33812F}
	EndGlobalSection
EndGlobal
